Microsoft Visual Studio Solution File, Format Version 12.00
# Visual Studio Version 17
VisualStudioVersion = 17.5.2.0
MinimumVisualStudioVersion = 10.0.40219.1
Project("{FAE04EC0-301F-11D3-BF4B-00C04F79EFBC}") = "TabletopGameManagementSystem", "TabletopGameManagementSystem.csproj", "{0E2FC614-6115-4A41-57C7-64962E9E965E}"
EndProject
Global
	GlobalSection(SolutionConfigurationPlatforms) = preSolution
		Debug|Any CPU = Debug|Any CPU
		Release|Any CPU = Release|Any CPU
	EndGlobalSection
	GlobalSection(ProjectConfigurationPlatforms) = postSolution
		{0E2FC614-6115-4A41-57C7-64962E9E965E}.Debug|Any CPU.ActiveCfg = Debug|Any CPU
		{0E2FC614-6115-4A41-57C7-64962E9E965E}.Debug|Any CPU.Build.0 = Debug|Any CPU
		{0E2FC614-6115-4A41-57C7-64962E9E965E}.Release|Any CPU.ActiveCfg = Release|Any CPU
		{0E2FC614-6115-4A41-57C7-64962E9E965E}.Release|Any CPU.Build.0 = Release|Any CPU
	EndGlobalSection
	GlobalSection(SolutionProperties) = preSolution
		HideSolutionNode = FALSE
	EndGlobalSection
	GlobalSection(ExtensibilityGlobals) = postSolution
		SolutionGuid = {59913AA7-88D9-46A5-AE00-FE08C30ED93D}
	EndGlobalSection
EndGlobal
